
Microsoft Visual Studio Solution File, Format Version 12.00
# Visual Studio Version 16
VisualStudioVersion = 16.0.30330.147
MinimumVisualStudioVersion = 10.0.40219.1
Project("{FAE04EC0-301F-11D3-BF4B-00C04F79EFBC}") = "Visualization", "Visualization\Visualization.csproj", "{7A1D7AD2-26A6-4B13-BA94-E8C147453088}"
EndProject
Global
	GlobalSection(SolutionConfigurationPlatforms) = preSolution
		Debug|Any CPU = Debug|Any CPU
		Release|Any CPU = Release|Any CPU
	EndGlobalSection
	GlobalSection(ProjectConfigurationPlatforms) = postSolution
		{7A1D7AD2-26A6-4B13-BA94-E8C147453088}.Debug|Any CPU.ActiveCfg = Debug|Any CPU
		{7A1D7AD2-26A6-4B13-BA94-E8C147453088}.Debug|Any CPU.Build.0 = Debug|Any CPU
		{7A1D7AD2-26A6-4B13-BA94-E8C147453088}.Release|Any CPU.ActiveCfg = Release|Any CPU
		{7A1D7AD2-26A6-4B13-BA94-E8C147453088}.Release|Any CPU.Build.0 = Release|Any CPU
	EndGlobalSection
	GlobalSection(SolutionProperties) = preSolution
		HideSolutionNode = FALSE
	EndGlobalSection
	GlobalSection(ExtensibilityGlobals) = postSolution
		SolutionGuid = {20C9B9A5-A553-48EE-80C6-8180A522FABD}
	EndGlobalSection
EndGlobal
